// !$*UTF8*$!
{
	archiveVersion = 1;
	classes = {
	};
	objectVersion = 46;
	objects = {

/* Begin PBXBuildFile section */
		C46DD2451C1FB4DC00914009 /* main.m in Sources */ = {isa = PBXBuildFile; fileRef = C46DD2441C1FB4DC00914009 /* main.m */; };
		C46DD2481C1FB4DC00914009 /* AppDelegate.m in Sources */ = {isa = PBXBuildFile; fileRef = C46DD2471C1FB4DC00914009 /* AppDelegate.m */; };
		C46DD24B1C1FB4DC00914009 /* ViewController.m in Sources */ = {isa = PBXBuildFile; fileRef = C46DD24A1C1FB4DC00914009 /* ViewController.m */; };
		C46DD24E1C1FB4DC00914009 /* Main.storyboard in Resources */ = {isa = PBXBuildFile; fileRef = C46DD24C1C1FB4DC00914009 /* Main.storyboard */; };
		C46DD2501C1FB4DC00914009 /* Assets.xcassets in Resources */ = {isa = PBXBuildFile; fileRef = C46DD24F1C1FB4DC00914009 /* Assets.xcassets */; };
		C46DD2531C1FB4DC00914009 /* LaunchScreen.storyboard in Resources */ = {isa = PBXBuildFile; fileRef = C46DD2511C1FB4DC00914009 /* LaunchScreen.storyboard */; };
/* End PBXBuildFile section */

/* Begin PBXFileReference section */
		C46DD2401C1FB4DC00914009 /* YLKitDemo.app */ = {isa = PBXFileReference; explicitFileType = wrapper.application; includeInIndex = 0; path = YLKitDemo.app; sourceTree = BUILT_PRODUCTS_DIR; };
		C46DD2441C1FB4DC00914009 /* main.m */ = {isa = PBXFileReference; lastKnownFileType = sourcecode.c.objc; path = main.m; sourceTree = "<group>"; };
		C46DD2461C1FB4DC00914009 /* AppDelegate.h */ = {isa = PBXFileReference; lastKnownFileType = sourcecode.c.h; path = AppDelegate.h; sourceTree = "<group>"; };
		C46DD2471C1FB4DC00914009 /* AppDelegate.m */ = {isa = PBXFileReference; lastKnownFileType = sourcecode.c.objc; path = AppDelegate.m; sourceTree = "<group>"; };
		C46DD2491C1FB4DC00914009 /* ViewController.h */ = {isa = PBXFileReference; lastKnownFileType = sourcecode.c.h; path = ViewController.h; sourceTree = "<group>"; };
		C46DD24A1C1FB4DC00914009 /* ViewController.m */ = {isa = PBXFileReference; lastKnownFileType = sourcecode.c.objc; path = ViewController.m; sourceTree = "<group>"; };
		C46DD24D1C1FB4DC00914009 /* Base */ = {isa = PBXFileReference; lastKnownFileType = file.storyboard; name = Base; path = Base.lproj/Main.storyboard; sourceTree = "<group>"; };
		C46DD24F1C1FB4DC00914009 /* Assets.xcassets */ = {isa = PBXFileReference; lastKnownFileType = folder.assetcatalog; path = Assets.xcassets; sourceTree = "<group>"; };
		C46DD2521C1FB4DC00914009 /* Base */ = {isa = PBXFileReference; lastKnownFileType = file.storyboard; name = Base; path = Base.lproj/LaunchScreen.storyboard; sourceTree = "<group>"; };
		C46DD2541C1FB4DC00914009 /* Info.plist */ = {isa = PBXFileReference; lastKnownFileType = text.plist.xml; path = Info.plist; sourceTree = "<group>"; };
/* End PBXFileReference section */

/* Begin PBXFrameworksBuildPhase section */
		C46DD23D1C1FB4DC00914009 /* Frameworks */ = {
			isa = PBXFrameworksBuildPhase;
			buildActionMask = 2147483647;
			files = (
			);
			runOnlyForDeploymentPostprocessing = 0;
		};
/* End PBXFrameworksBuildPhase section */

/* Begin PBXGroup section */
		C46DD2371C1FB4DC00914009 = {
			isa = PBXGroup;
			children = (
				C46DD2421C1FB4DC00914009 /* YLKitDemo */,
				C46DD2411C1FB4DC00914009 /* Products */,
			);
			sourceTree = "<group>";
		};
		C46DD2411C1FB4DC00914009 /* Products */ = {
			isa = PBXGroup;
			children = (
				C46DD2401C1FB4DC00914009 /* YLKitDemo.app */,
			);
			name = Products;
			sourceTree = "<group>";
		};
		C46DD2421C1FB4DC00914009 /* YLKitDemo */ = {
			isa = PBXGroup;
			children = (
				C46DD25A1C1FB53100914009 /* YLKit */,
				C46DD2461C1FB4DC00914009 /* AppDelegate.h */,
				C46DD2471C1FB4DC00914009 /* AppDelegate.m */,
				C46DD2491C1FB4DC00914009 /* ViewController.h */,
				C46DD24A1C1FB4DC00914009 /* ViewController.m */,
				C46DD24C1C1FB4DC00914009 /* Main.storyboard */,
				C46DD24F1C1FB4DC00914009 /* Assets.xcassets */,
				C46DD2511C1FB4DC00914009 /* LaunchScreen.storyboard */,
				C46DD2541C1FB4DC00914009 /* Info.plist */,
				C46DD2431C1FB4DC00914009 /* Supporting Files */,
			);
			path = YLKitDemo;
			sourceTree = "<group>";
		};
		C46DD2431C1FB4DC00914009 /* Supporting Files */ = {
			isa = PBXGroup;
			children = (
				C46DD2441C1FB4DC00914009 /* main.m */,
			);
			name = "Supporting Files";
			sourceTree = "<group>";
		};
		C46DD25A1C1FB53100914009 /* YLKit */ = {
			isa = PBXGroup;
			children = (
			);
			path = YLKit;
			sourceTree = "<group>";
		};
/* End PBXGroup section */

/* Begin PBXNativeTarget section */
		C46DD23F1C1FB4DC00914009 /* YLKitDemo */ = {
			isa = PBXNativeTarget;
			buildConfigurationList = C46DD2571C1FB4DC00914009 /* Build configuration list for PBXNativeTarget "YLKitDemo" */;
			buildPhases = (
				C46DD23C1C1FB4DC00914009 /* Sources */,
				C46DD23D1C1FB4DC00914009 /* Frameworks */,
				C46DD23E1C1FB4DC00914009 /* Resources */,
			);
			buildRules = (
			);
			dependencies = (
			);
			name = YLKitDemo;
			productName = YLKitDemo;
			productReference = C46DD2401C1FB4DC00914009 /* YLKitDemo.app */;
			productType = "com.apple.product-type.application";
		};
/* End PBXNativeTarget section */

/* Begin PBXProject section */
		C46DD2381C1FB4DC00914009 /* Project object */ = {
			isa = PBXProject;
			attributes = {
				LastUpgradeCheck = 0720;
				ORGANIZATIONNAME = cloudyBright;
				TargetAttributes = {
					C46DD23F1C1FB4DC00914009 = {
						CreatedOnToolsVersion = 7.2;
					};
				};
			};
			buildConfigurationList = C46DD23B1C1FB4DC00914009 /* Build configuration list for PBXProject "YLKitDemo" */;
			compatibilityVersion = "Xcode 3.2";
			developmentRegion = English;
			hasScannedForEncodings = 0;
			knownRegions = (
				en,
				Base,
			);
			mainGroup = C46DD2371C1FB4DC00914009;
			productRefGroup = C46DD2411C1FB4DC00914009 /* Products */;
			projectDirPath = "";
			projectRoot = "";
			targets = (
				C46DD23F1C1FB4DC00914009 /* YLKitDemo */,
			);
		};
/* End PBXProject section */

/* Begin PBXResourcesBuildPhase section */
		C46DD23E1C1FB4DC00914009 /* Resources */ = {
			isa = PBXResourcesBuildPhase;
			buildActionMask = 2147483647;
			files = (
				C46DD2531C1FB4DC00914009 /* LaunchScreen.storyboard in Resources */,
				C46DD2501C1FB4DC00914009 /* Assets.xcassets in Resources */,
				C46DD24E1C1FB4DC00914009 /* Main.storyboard in Resources */,
			);
			runOnlyForDeploymentPostprocessing = 0;
		};
/* End PBXResourcesBuildPhase section */

/* Begin PBXSourcesBuildPhase section */
		C46DD23C1C1FB4DC00914009 /* Sources */ = {
			isa = PBXSourcesBuildPhase;
			buildActionMask = 2147483647;
			files = (
				C46DD24B1C1FB4DC00914009 /* ViewController.m in Sources */,
				C46DD2481C1FB4DC00914009 /* AppDelegate.m in Sources */,
				C46DD2451C1FB4DC00914009 /* main.m in Sources */,
			);
			runOnlyForDeploymentPostprocessing = 0;
		};
/* End PBXSourcesBuildPhase section */

/* Begin PBXVariantGroup section */
		C46DD24C1C1FB4DC00914009 /* Main.storyboard */ = {
			isa = PBXVariantGroup;
			children = (
				C46DD24D1C1FB4DC00914009 /* Base */,
			);
			name = Main.storyboard;
			sourceTree = "<group>";
		};
		C46DD2511C1FB4DC00914009 /* LaunchScreen.storyboard */ = {
			isa = PBXVariantGroup;
			children = (
				C46DD2521C1FB4DC00914009 /* Base */,
			);
			name = LaunchScreen.storyboard;
			sourceTree = "<group>";
		};
/* End PBXVariantGroup section */

/* Begin XCBuildConfiguration section */
		C46DD2551C1FB4DC00914009 /* Debug */ = {
			isa = XCBuildConfiguration;
			buildSettings = {
				ALWAYS_SEARCH_USER_PATHS = NO;
				CLANG_CXX_LANGUAGE_STANDARD = "gnu++0x";
				CLANG_CXX_LIBRARY = "libc++";
				CLANG_ENABLE_MODULES = YES;
				CLANG_ENABLE_OBJC_ARC = YES;
				CLANG_WARN_BOOL_CONVERSION = YES;
				CLANG_WARN_CONSTANT_CONVERSION = YES;
				CLANG_WARN_DIRECT_OBJC_ISA_USAGE = YES_ERROR;
				CLANG_WARN_EMPTY_BODY = YES;
				CLANG_WARN_ENUM_CONVERSION = YES;
				CLANG_WARN_INT_CONVERSION = YES;
				CLANG_WARN_OBJC_ROOT_CLASS = YES_ERROR;
				CLANG_WARN_UNREACHABLE_CODE = YES;
				CLANG_WARN__DUPLICATE_METHOD_MATCH = YES;
				"CODE_SIGN_IDENTITY[sdk=iphoneos*]" = "iPhone Developer";
				COPY_PHASE_STRIP = NO;
				DEBUG_INFORMATION_FORMAT = dwarf;
				ENABLE_STRICT_OBJC_MSGSEND = YES;
				ENABLE_TESTABILITY = YES;
				GCC_C_LANGUAGE_STANDARD = gnu99;
				GCC_DYNAMIC_NO_PIC = NO;
				GCC_NO_COMMON_BLOCKS = YES;
				GCC_OPTIMIZATION_LEVEL = 0;
				GCC_PREPROCESSOR_DEFINITIONS = (
					"DEBUG=1",
					"$(inherited)",
				);
				GCC_WARN_64_TO_32_BIT_CONVERSION = YES;
				GCC_WARN_ABOUT_RETURN_TYPE = YES_ERROR;
				GCC_WARN_UNDECLARED_SELECTOR = YES;
				GCC_WARN_UNINITIALIZED_AUTOS = YES_AGGRESSIVE;
				GCC_WARN_UNUSED_FUNCTION = YES;
				GCC_WARN_UNUSED_VARIABLE = YES;
				IPHONEOS_DEPLOYMENT_TARGET = 9.2;
				MTL_ENABLE_DEBUG_INFO = YES;
				ONLY_ACTIVE_ARCH = YES;
				SDKROOT = iphoneos;
			};
			name = Debug;
		};
		C46DD2561C1FB4DC00914009 /* Release */ = {
			isa = XCBuildConfiguration;
			buildSettings = {
				ALWAYS_SEARCH_USER_PATHS = NO;
				CLANG_CXX_LANGUAGE_STANDARD = "gnu++0x";
				CLANG_CXX_LIBRARY = "libc++";
				CLANG_ENABLE_MODULES = YES;
				CLANG_ENABLE_OBJC_ARC = YES;
				CLANG_WARN_BOOL_CONVERSION = YES;
				CLANG_WARN_CONSTANT_CONVERSION = YES;
				CLANG_WARN_DIRECT_OBJC_ISA_USAGE = YES_ERROR;
				CLANG_WARN_EMPTY_BODY = YES;
				CLANG_WARN_ENUM_CONVERSION = YES;
				CLANG_WARN_INT_CONVERSION = YES;
				CLANG_WARN_OBJC_ROOT_CLASS = YES_ERROR;
				CLANG_WARN_UNREACHABLE_CODE = YES;
				CLANG_WARN__DUPLICATE_METHOD_MATCH = YES;
				"CODE_SIGN_IDENTITY[sdk=iphoneos*]" = "iPhone Developer";
				COPY_PHASE_STRIP = NO;
				DEBUG_INFORMATION_FORMAT = "dwarf-with-dsym";
				ENABLE_NS_ASSERTIONS = NO;
				ENABLE_STRICT_OBJC_MSGSEND = YES;
				GCC_C_LANGUAGE_STANDARD = gnu99;
				GCC_NO_COMMON_BLOCKS = YES;
				GCC_WARN_64_TO_32_BIT_CONVERSION = YES;
				GCC_WARN_ABOUT_RETURN_TYPE = YES_ERROR;
				GCC_WARN_UNDECLARED_SELECTOR = YES;
				GCC_WARN_UNINITIALIZED_AUTOS = YES_AGGRESSIVE;
				GCC_WARN_UNUSED_FUNCTION = YES;
				GCC_WARN_UNUSED_VARIABLE = YES;
				IPHONEOS_DEPLOYMENT_TARGET = 9.2;
				MTL_ENABLE_DEBUG_INFO = NO;
				SDKROOT = iphoneos;
				VALIDATE_PRODUCT = YES;
			};
			name = Release;
		};
		C46DD2581C1FB4DC00914009 /* Debug */ = {
			isa = XCBuildConfiguration;
			buildSettings = {
				ASSETCATALOG_COMPILER_APPICON_NAME = AppIcon;
				INFOPLIST_FILE = YLKitDemo/Info.plist;
				LD_RUNPATH_SEARCH_PATHS = "$(inherited) @executable_path/Frameworks";
				PRODUCT_BUNDLE_IDENTIFIER = com.ky.YLKitDemo;
				PRODUCT_NAME = "$(TARGET_NAME)";
			};
			name = Debug;
		};
		C46DD2591C1FB4DC00914009 /* Release */ = {
			isa = XCBuildConfiguration;
			buildSettings = {
				ASSETCATALOG_COMPILER_APPICON_NAME = AppIcon;
				INFOPLIST_FILE = YLKitDemo/Info.plist;
				LD_RUNPATH_SEARCH_PATHS = "$(inherited) @executable_path/Frameworks";
				PRODUCT_BUNDLE_IDENTIFIER = com.ky.YLKitDemo;
				PRODUCT_NAME = "$(TARGET_NAME)";
			};
			name = Release;
		};
/* End XCBuildConfiguration section */

/* Begin XCConfigurationList section */
		C46DD23B1C1FB4DC00914009 /* Build configuration list for PBXProject "YLKitDemo" */ = {
			isa = XCConfigurationList;
			buildConfigurations = (
				C46DD2551C1FB4DC00914009 /* Debug */,
				C46DD2561C1FB4DC00914009 /* Release */,
			);
			defaultConfigurationIsVisible = 0;
			defaultConfigurationName = Release;
		};
		C46DD2571C1FB4DC00914009 /* Build configuration list for PBXNativeTarget "YLKitDemo" */ = {
			isa = XCConfigurationList;
			buildConfigurations = (
				C46DD2581C1FB4DC00914009 /* Debug */,
				C46DD2591C1FB4DC00914009 /* Release */,
			);
			defaultConfigurationIsVisible = 0;
		};
/* End XCConfigurationList section */
	};
	rootObject = C46DD2381C1FB4DC00914009 /* Project object */;
}
